PODS:
  - Alamofire (4.9.0)
  - AlamofireObjectMapper (5.2.0):
    - Alamofire (~> 4.7)
    - ObjectMapper (~> 3.4)
  - IQKeyboardManagerSwift (6.5.6)
  - NVActivityIndicatorView (5.0.1):
    - NVActivityIndicatorView/Base (= 5.0.1)
  - NVActivityIndicatorView/Base (5.0.1)
  - ObjectMapper (3.5.3)
  - RMMapper (1.1.5)
  - SDWebImage (5.9.0):
    - SDWebImage/Core (= 5.9.0)
  - SDWebImage/Core (5.9.0)
  - SwiftyJSON (5.0.0)
  - Toast-Swift (5.0.1)

DEPENDENCIES:
  - Alamofire (= 4.9)
  - AlamofireObjectMapper (= 5.2)
  - IQKeyboardManagerSwift
  - NVActivityIndicatorView
  - RMMapper
  - SDWebImage
  - SwiftyJSON
  - Toast-Swift

SPEC REPOS:
  trunk:
    - Alamofire
    - AlamofireObjectMapper
    - IQKeyboardManagerSwift
    - NVActivityIndicatorView
    - ObjectMapper
    - RMMapper
    - SDWebImage
    - SwiftyJSON
    - Toast-Swift

SPEC CHECKSUMS:
  Alamofire: afc3e7c6db61476cb45cdd23fed06bad03bbc321
  AlamofireObjectMapper: 92b6ce2423a9d159e686f6a1d514a009bf903ddc
  IQKeyboardManagerSwift: c7df9d2deb356c04522f5c4b7b6e4ce4d8ed94fe
  NVActivityIndicatorView: 738e843cb8924e9e4fc3e559d0728031624bf860
  ObjectMapper: 97111c97e054a6ee25917662106689f0b4127b37
  RMMapper: 21122d753c736d975f6c61e674afce8db73579af
  SDWebImage: 62ae4a18473520c67b79e9724c31a63599cc9423
  SwiftyJSON: 36413e04c44ee145039d332b4f4e2d3e8d6c4db7
  Toast-Swift: 9b6a70f28b3bf0b96c40d46c0c4b9d6639846711

PODFILE CHECKSUM: 17881df4700fabc16a995569cc29d7900c9c443f

COCOAPODS: 1.10.1
